
Microsoft Visual Studio Solution File, Format Version 12.00
# Visual Studio Version 17
VisualStudioVersion = 17.10.34928.147
MinimumVisualStudioVersion = 10.0.40219.1
Project("{FAE04EC0-301F-11D3-BF4B-00C04F79EFBC}") = "Restaurant_Faves", "Restaurant_Faves\Restaurant_Faves.csproj", "{B243516F-5E69-410C-A510-DDC372044438}"
EndProject
Global
	GlobalSection(SolutionConfigurationPlatforms) = preSolution
		Debug|Any CPU = Debug|Any CPU
		Release|Any CPU = Release|Any CPU
	EndGlobalSection
	GlobalSection(ProjectConfigurationPlatforms) = postSolution
		{B243516F-5E69-410C-A510-DDC372044438}.Debug|Any CPU.ActiveCfg = Debug|Any CPU
		{B243516F-5E69-410C-A510-DDC372044438}.Debug|Any CPU.Build.0 = Debug|Any CPU
		{B243516F-5E69-410C-A510-DDC372044438}.Release|Any CPU.ActiveCfg = Release|Any CPU
		{B243516F-5E69-410C-A510-DDC372044438}.Release|Any CPU.Build.0 = Release|Any CPU
	EndGlobalSection
	GlobalSection(SolutionProperties) = preSolution
		HideSolutionNode = FALSE
	EndGlobalSection
	GlobalSection(ExtensibilityGlobals) = postSolution
		SolutionGuid = {805A25F9-23DF-4C9D-91E2-7B5C02CB0E5C}
	EndGlobalSection
EndGlobal
