
Microsoft Visual Studio Solution File, Format Version 12.00
# Visual Studio Version 17
VisualStudioVersion = 17.9.34728.123
MinimumVisualStudioVersion = 10.0.40219.1
Project("{FAE04EC0-301F-11D3-BF4B-00C04F79EFBC}") = "Cars_usedcards", "Cars_usedcards\Cars_usedcards.csproj", "{653CB952-F94B-423D-9548-CD8C6E526C92}"
EndProject
Global
	GlobalSection(SolutionConfigurationPlatforms) = preSolution
		Debug|Any CPU = Debug|Any CPU
		Release|Any CPU = Release|Any CPU
	EndGlobalSection
	GlobalSection(ProjectConfigurationPlatforms) = postSolution
		{653CB952-F94B-423D-9548-CD8C6E526C92}.Debug|Any CPU.ActiveCfg = Debug|Any CPU
		{653CB952-F94B-423D-9548-CD8C6E526C92}.Debug|Any CPU.Build.0 = Debug|Any CPU
		{653CB952-F94B-423D-9548-CD8C6E526C92}.Release|Any CPU.ActiveCfg = Release|Any CPU
		{653CB952-F94B-423D-9548-CD8C6E526C92}.Release|Any CPU.Build.0 = Release|Any CPU
	EndGlobalSection
	GlobalSection(SolutionProperties) = preSolution
		HideSolutionNode = FALSE
	EndGlobalSection
	GlobalSection(ExtensibilityGlobals) = postSolution
		SolutionGuid = {D56242A2-3753-4D15-9AFC-BB8C3FA2176D}
	EndGlobalSection
EndGlobal
