
Microsoft Visual Studio Solution File, Format Version 12.00
# Visual Studio Version 17
VisualStudioVersion = 17.9.34728.123
MinimumVisualStudioVersion = 10.0.40219.1
Project("{FAE04EC0-301F-11D3-BF4B-00C04F79EFBC}") = "Basic_for_loop", "Basic_for_loop\Basic_for_loop.csproj", "{3FEBE41D-E025-4D37-B39D-39C9CB48133B}"
EndProject
Global
	GlobalSection(SolutionConfigurationPlatforms) = preSolution
		Debug|Any CPU = Debug|Any CPU
		Release|Any CPU = Release|Any CPU
	EndGlobalSection
	GlobalSection(ProjectConfigurationPlatforms) = postSolution
		{3FEBE41D-E025-4D37-B39D-39C9CB48133B}.Debug|Any CPU.ActiveCfg = Debug|Any CPU
		{3FEBE41D-E025-4D37-B39D-39C9CB48133B}.Debug|Any CPU.Build.0 = Debug|Any CPU
		{3FEBE41D-E025-4D37-B39D-39C9CB48133B}.Release|Any CPU.ActiveCfg = Release|Any CPU
		{3FEBE41D-E025-4D37-B39D-39C9CB48133B}.Release|Any CPU.Build.0 = Release|Any CPU
	EndGlobalSection
	GlobalSection(SolutionProperties) = preSolution
		HideSolutionNode = FALSE
	EndGlobalSection
	GlobalSection(ExtensibilityGlobals) = postSolution
		SolutionGuid = {90DFC2FA-65E0-4760-B3E7-7F91532207D6}
	EndGlobalSection
EndGlobal
